// !$*UTF8*$!
{
	archiveVersion = 1;
	classes = {
	};
	objectVersion = 50;
	objects = {

/* Begin PBXBuildFile section */
		D4491AF823A3D8C900F3CAD9 /* ResearchKit.framework in Frameworks */ = {isa = PBXBuildFile; fileRef = D4491AF523A3D8C900F3CAD9 /* ResearchKit.framework */; };
		D4491AF923A3D8C900F3CAD9 /* ResearchKit.framework in Embed Frameworks */ = {isa = PBXBuildFile; fileRef = D4491AF523A3D8C900F3CAD9 /* ResearchKit.framework */; settings = {ATTRIBUTES = (CodeSignOnCopy, RemoveHeadersOnCopy, ); }; };
		D4491AFA23A3D8C900F3CAD9 /* SMARTMarkers.framework in Frameworks */ = {isa = PBXBuildFile; fileRef = D4491AF623A3D8C900F3CAD9 /* SMARTMarkers.framework */; };
		D4491AFB23A3D8C900F3CAD9 /* SMARTMarkers.framework in Embed Frameworks */ = {isa = PBXBuildFile; fileRef = D4491AF623A3D8C900F3CAD9 /* SMARTMarkers.framework */; settings = {ATTRIBUTES = (CodeSignOnCopy, RemoveHeadersOnCopy, ); }; };
		D4491AFC23A3D8C900F3CAD9 /* SMART.framework in Frameworks */ = {isa = PBXBuildFile; fileRef = D4491AF723A3D8C900F3CAD9 /* SMART.framework */; };
		D4491AFD23A3D8C900F3CAD9 /* SMART.framework in Embed Frameworks */ = {isa = PBXBuildFile; fileRef = D4491AF723A3D8C900F3CAD9 /* SMART.framework */; settings = {ATTRIBUTES = (CodeSignOnCopy, RemoveHeadersOnCopy, ); }; };
		D4491B0123A3DAFD00F3CAD9 /* HealthKit.framework in Frameworks */ = {isa = PBXBuildFile; fileRef = D4491B0023A3DAFD00F3CAD9 /* HealthKit.framework */; };
		D4491B0523A3F5DE00F3CAD9 /* LabCell.swift in Sources */ = {isa = PBXBuildFile; fileRef = D4491B0423A3F5DE00F3CAD9 /* LabCell.swift */; };
		D484F90323A2E975001A1284 /* AppDelegate.swift in Sources */ = {isa = PBXBuildFile; fileRef = D484F90223A2E975001A1284 /* AppDelegate.swift */; };
		D484F90523A2E975001A1284 /* SceneDelegate.swift in Sources */ = {isa = PBXBuildFile; fileRef = D484F90423A2E975001A1284 /* SceneDelegate.swift */; };
		D484F90723A2E975001A1284 /* MasterViewController.swift in Sources */ = {isa = PBXBuildFile; fileRef = D484F90623A2E975001A1284 /* MasterViewController.swift */; };
		D484F90923A2E975001A1284 /* DetailViewController.swift in Sources */ = {isa = PBXBuildFile; fileRef = D484F90823A2E975001A1284 /* DetailViewController.swift */; };
		D484F90C23A2E975001A1284 /* Main.storyboard in Resources */ = {isa = PBXBuildFile; fileRef = D484F90A23A2E975001A1284 /* Main.storyboard */; };
		D484F90E23A2E97A001A1284 /* Assets.xcassets in Resources */ = {isa = PBXBuildFile; fileRef = D484F90D23A2E97A001A1284 /* Assets.xcassets */; };
		D484F91123A2E97A001A1284 /* LaunchScreen.storyboard in Resources */ = {isa = PBXBuildFile; fileRef = D484F90F23A2E97A001A1284 /* LaunchScreen.storyboard */; };
		D4880EE625472208006AF019 /* AppDelegate.swift in Sources */ = {isa = PBXBuildFile; fileRef = D484F90223A2E975001A1284 /* AppDelegate.swift */; };
		D4880EE725472208006AF019 /* LabCell.swift in Sources */ = {isa = PBXBuildFile; fileRef = D4491B0423A3F5DE00F3CAD9 /* LabCell.swift */; };
		D4880EE825472208006AF019 /* SceneDelegate.swift in Sources */ = {isa = PBXBuildFile; fileRef = D484F90423A2E975001A1284 /* SceneDelegate.swift */; };
		D4880EE925472208006AF019 /* MasterViewController.swift in Sources */ = {isa = PBXBuildFile; fileRef = D484F90623A2E975001A1284 /* MasterViewController.swift */; };
		D4880EEA25472208006AF019 /* DetailViewController.swift in Sources */ = {isa = PBXBuildFile; fileRef = D484F90823A2E975001A1284 /* DetailViewController.swift */; };
		D4880EEC25472208006AF019 /* SMARTMarkers.framework in Frameworks */ = {isa = PBXBuildFile; fileRef = D4491AF623A3D8C900F3CAD9 /* SMARTMarkers.framework */; };
		D4880EED25472208006AF019 /* HealthKit.framework in Frameworks */ = {isa = PBXBuildFile; fileRef = D4491B0023A3DAFD00F3CAD9 /* HealthKit.framework */; };
		D4880EEE25472208006AF019 /* ResearchKit.framework in Frameworks */ = {isa = PBXBuildFile; fileRef = D4491AF523A3D8C900F3CAD9 /* ResearchKit.framework */; };
		D4880EEF25472208006AF019 /* SMART.framework in Frameworks */ = {isa = PBXBuildFile; fileRef = D4491AF723A3D8C900F3CAD9 /* SMART.framework */; };
		D4880EF125472208006AF019 /* LaunchScreen.storyboard in Resources */ = {isa = PBXBuildFile; fileRef = D484F90F23A2E97A001A1284 /* LaunchScreen.storyboard */; };
		D4880EF225472208006AF019 /* Assets.xcassets in Resources */ = {isa = PBXBuildFile; fileRef = D484F90D23A2E97A001A1284 /* Assets.xcassets */; };
		D4880EF325472208006AF019 /* Main.storyboard in Resources */ = {isa = PBXBuildFile; fileRef = D484F90A23A2E975001A1284 /* Main.storyboard */; };
		D4880EF525472208006AF019 /* SMARTMarkers.framework in Embed Frameworks */ = {isa = PBXBuildFile; fileRef = D4491AF623A3D8C900F3CAD9 /* SMARTMarkers.framework */; settings = {ATTRIBUTES = (CodeSignOnCopy, RemoveHeadersOnCopy, ); }; };
		D4880EF625472208006AF019 /* ResearchKit.framework in Embed Frameworks */ = {isa = PBXBuildFile; fileRef = D4491AF523A3D8C900F3CAD9 /* ResearchKit.framework */; settings = {ATTRIBUTES = (CodeSignOnCopy, RemoveHeadersOnCopy, ); }; };
		D4880EF725472208006AF019 /* SMART.framework in Embed Frameworks */ = {isa = PBXBuildFile; fileRef = D4491AF723A3D8C900F3CAD9 /* SMART.framework */; settings = {ATTRIBUTES = (CodeSignOnCopy, RemoveHeadersOnCopy, ); }; };
		D4880F0625473871006AF019 /* LabsTableViewController.swift in Sources */ = {isa = PBXBuildFile; fileRef = D4880F0525473871006AF019 /* LabsTableViewController.swift */; };
		D4880F0725473871006AF019 /* LabsTableViewController.swift in Sources */ = {isa = PBXBuildFile; fileRef = D4880F0525473871006AF019 /* LabsTableViewController.swift */; };
		D4880F21254872D4006AF019 /* IndexViewController.swift in Sources */ = {isa = PBXBuildFile; fileRef = D4880F20254872D4006AF019 /* IndexViewController.swift */; };
		D4880F22254872D4006AF019 /* IndexViewController.swift in Sources */ = {isa = PBXBuildFile; fileRef = D4880F20254872D4006AF019 /* IndexViewController.swift */; };
		FA805C632555A33E00B3E836 /* Condition+Report.swift in Sources */ = {isa = PBXBuildFile; fileRef = FA805C622555A33E00B3E836 /* Condition+Report.swift */; };
		FA805C642555A33E00B3E836 /* Condition+Report.swift in Sources */ = {isa = PBXBuildFile; fileRef = FA805C622555A33E00B3E836 /* Condition+Report.swift */; };
		FA805C662555A34000B3E836 /* Immunization+Report.swift in Sources */ = {isa = PBXBuildFile; fileRef = FA805C652555A34000B3E836 /* Immunization+Report.swift */; };
		FA805C672555A34000B3E836 /* Immunization+Report.swift in Sources */ = {isa = PBXBuildFile; fileRef = FA805C652555A34000B3E836 /* Immunization+Report.swift */; };
		FA805C692555A34500B3E836 /* MedicationRequest+Report.swift in Sources */ = {isa = PBXBuildFile; fileRef = FA805C682555A34500B3E836 /* MedicationRequest+Report.swift */; };
		FA805C6A2555A34500B3E836 /* MedicationRequest+Report.swift in Sources */ = {isa = PBXBuildFile; fileRef = FA805C682555A34500B3E836 /* MedicationRequest+Report.swift */; };
		FA805C6F2555A43000B3E836 /* ParseReports.swift in Sources */ = {isa = PBXBuildFile; fileRef = FA805C6E2555A43000B3E836 /* ParseReports.swift */; };
		FA805C702555A43000B3E836 /* ParseReports.swift in Sources */ = {isa = PBXBuildFile; fileRef = FA805C6E2555A43000B3E836 /* ParseReports.swift */; };
		FAAA9AE52553202700279138 /* CLIPSsource in Resources */ = {isa = PBXBuildFile; fileRef = FAAE8C2925509EC500DCBC6E /* CLIPSsource */; };
		FAAA9AF6255321C500279138 /* CLIPSiOS.framework in Frameworks */ = {isa = PBXBuildFile; fileRef = FAAA9AF5255321C500279138 /* CLIPSiOS.framework */; };
		FAAA9AF7255321C500279138 /* CLIPSiOS.framework in Frameworks */ = {isa = PBXBuildFile; fileRef = FAAA9AF5255321C500279138 /* CLIPSiOS.framework */; };
		FAAE8C3225509EC500DCBC6E /* CLIPSsource in Resources */ = {isa = PBXBuildFile; fileRef = FAAE8C2925509EC500DCBC6E /* CLIPSsource */; };
/* End PBXBuildFile section */

/* Begin PBXContainerItemProxy section */
		FA805C232555954100B3E836 /* PBXContainerItemProxy */ = {
			isa = PBXContainerItemProxy;
			containerPortal = FA805C1F2555954100B3E836 /* SMARTMarkers.xcodeproj */;
			proxyType = 2;
			remoteGlobalIDString = D4E75D5D2035E73E000CE95A;
			remoteInfo = SMARTMarkers;
		};
		FA805C2D2555954A00B3E836 /* PBXContainerItemProxy */ = {
			isa = PBXContainerItemProxy;
			containerPortal = FA805C262555954A00B3E836 /* SwiftSMART.xcodeproj */;
			proxyType = 2;
			remoteGlobalIDString = EE43B1A919546D880017679A;
			remoteInfo = "SwiftSMART-iOS";
		};
		FA805C2F2555954A00B3E836 /* PBXContainerItemProxy */ = {
			isa = PBXContainerItemProxy;
			containerPortal = FA805C262555954A00B3E836 /* SwiftSMART.xcodeproj */;
			proxyType = 2;
			remoteGlobalIDString = EE43B1B319546D880017679A;
			remoteInfo = "SwiftSMART-iOSTests";
		};
		FA805C312555954A00B3E836 /* PBXContainerItemProxy */ = {
			isa = PBXContainerItemProxy;
			containerPortal = FA805C262555954A00B3E836 /* SwiftSMART.xcodeproj */;
			proxyType = 2;
			remoteGlobalIDString = EECAA7831A5D3DE60062C64B;
			remoteInfo = "SwiftSMART-macOS";
		};
		FA805C332555954A00B3E836 /* PBXContainerItemProxy */ = {
			isa = PBXContainerItemProxy;
			containerPortal = FA805C262555954A00B3E836 /* SwiftSMART.xcodeproj */;
			proxyType = 2;
			remoteGlobalIDString = EE13AA921A5D44D100B901FD;
			remoteInfo = "SwiftSMART-macOSTests";
		};
		FA805C3F2555955700B3E836 /* PBXContainerItemProxy */ = {
			isa = PBXContainerItemProxy;
			containerPortal = FA805C392555955600B3E836 /* ResearchKit.xcodeproj */;
			proxyType = 2;
			remoteGlobalIDString = B183A5951A8535D100C76870;
			remoteInfo = ResearchKit;
		};
		FA805C412555955700B3E836 /* PBXContainerItemProxy */ = {
			isa = PBXContainerItemProxy;
			containerPortal = FA805C392555955600B3E836 /* ResearchKit.xcodeproj */;
			proxyType = 2;
			remoteGlobalIDString = 86CC8E9A1AC09332001CCD89;
			remoteInfo = ResearchKitTests;
		};
/* End PBXContainerItemProxy section */

/* Begin PBXCopyFilesBuildPhase section */
		D4491AFE23A3D8C900F3CAD9 /* Embed Frameworks */ = {
			isa = PBXCopyFilesBuildPhase;
			buildActionMask = 2147483647;
			dstPath = "";
			dstSubfolderSpec = 10;
			files = (
				D4491AFB23A3D8C900F3CAD9 /* SMARTMarkers.framework in Embed Frameworks */,
				D4491AF923A3D8C900F3CAD9 /* ResearchKit.framework in Embed Frameworks */,
				D4491AFD23A3D8C900F3CAD9 /* SMART.framework in Embed Frameworks */,
			);
			name = "Embed Frameworks";
			runOnlyForDeploymentPostprocessing = 0;
		};
		D4880EF425472208006AF019 /* Embed Frameworks */ = {
			isa = PBXCopyFilesBuildPhase;
			buildActionMask = 2147483647;
			dstPath = "";
			dstSubfolderSpec = 10;
			files = (
				D4880EF525472208006AF019 /* SMARTMarkers.framework in Embed Frameworks */,
				D4880EF625472208006AF019 /* ResearchKit.framework in Embed Frameworks */,
				D4880EF725472208006AF019 /* SMART.framework in Embed Frameworks */,
			);
			name = "Embed Frameworks";
			runOnlyForDeploymentPostprocessing = 0;
		};
/* End PBXCopyFilesBuildPhase section */

/* Begin PBXFileReference section */
		D4491AF523A3D8C900F3CAD9 /* ResearchKit.framework */ = {isa = PBXFileReference; explicitFileType = wrapper.framework; path = ResearchKit.framework; sourceTree = BUILT_PRODUCTS_DIR; };
		D4491AF623A3D8C900F3CAD9 /* SMARTMarkers.framework */ = {isa = PBXFileReference; explicitFileType = wrapper.framework; path = SMARTMarkers.framework; sourceTree = BUILT_PRODUCTS_DIR; };
		D4491AF723A3D8C900F3CAD9 /* SMART.framework */ = {isa = PBXFileReference; explicitFileType = wrapper.framework; path = SMART.framework; sourceTree = BUILT_PRODUCTS_DIR; };
		D4491AFF23A3DAFC00F3CAD9 /* Concord.entitlements */ = {isa = PBXFileReference; lastKnownFileType = text.plist.entitlements; path = Concord.entitlements; sourceTree = "<group>"; };
		D4491B0023A3DAFD00F3CAD9 /* HealthKit.framework */ = {isa = PBXFileReference; lastKnownFileType = wrapper.framework; name = HealthKit.framework; path = System/Library/Frameworks/HealthKit.framework; sourceTree = SDKROOT; };
		D4491B0423A3F5DE00F3CAD9 /* LabCell.swift */ = {isa = PBXFileReference; lastKnownFileType = sourcecode.swift; path = LabCell.swift; sourceTree = "<group>"; };
		D484F8FF23A2E975001A1284 /* Concord.app */ = {isa = PBXFileReference; explicitFileType = wrapper.application; includeInIndex = 0; path = Concord.app; sourceTree = BUILT_PRODUCTS_DIR; };
		D484F90223A2E975001A1284 /* AppDelegate.swift */ = {isa = PBXFileReference; lastKnownFileType = sourcecode.swift; path = AppDelegate.swift; sourceTree = "<group>"; };
		D484F90423A2E975001A1284 /* SceneDelegate.swift */ = {isa = PBXFileReference; lastKnownFileType = sourcecode.swift; path = SceneDelegate.swift; sourceTree = "<group>"; };
		D484F90623A2E975001A1284 /* MasterViewController.swift */ = {isa = PBXFileReference; lastKnownFileType = sourcecode.swift; path = MasterViewController.swift; sourceTree = "<group>"; };
		D484F90823A2E975001A1284 /* DetailViewController.swift */ = {isa = PBXFileReference; lastKnownFileType = sourcecode.swift; path = DetailViewController.swift; sourceTree = "<group>"; };
		D484F90B23A2E975001A1284 /* Base */ = {isa = PBXFileReference; lastKnownFileType = file.storyboard; name = Base; path = Base.lproj/Main.storyboard; sourceTree = "<group>"; };
		D484F90D23A2E97A001A1284 /* Assets.xcassets */ = {isa = PBXFileReference; lastKnownFileType = folder.assetcatalog; path = Assets.xcassets; sourceTree = "<group>"; };
		D484F91023A2E97A001A1284 /* Base */ = {isa = PBXFileReference; lastKnownFileType = file.storyboard; name = Base; path = Base.lproj/LaunchScreen.storyboard; sourceTree = "<group>"; };
		D484F91223A2E97A001A1284 /* Info.plist */ = {isa = PBXFileReference; lastKnownFileType = text.plist.xml; path = Info.plist; sourceTree = "<group>"; };
		D4880EFB25472208006AF019 /* PPMG.app */ = {isa = PBXFileReference; explicitFileType = wrapper.application; includeInIndex = 0; path = PPMG.app; sourceTree = BUILT_PRODUCTS_DIR; };
		D4880F042547220A006AF019 /* Concord copy-Info.plist */ = {isa = PBXFileReference; lastKnownFileType = text.plist.xml; name = "Concord copy-Info.plist"; path = "/Users/raheelsayeed/CHIP/swift/concord-ios/Concord copy-Info.plist"; sourceTree = "<absolute>"; };
		D4880F0525473871006AF019 /* LabsTableViewController.swift */ = {isa = PBXFileReference; lastKnownFileType = sourcecode.swift; path = LabsTableViewController.swift; sourceTree = "<group>"; };
		D4880F20254872D4006AF019 /* IndexViewController.swift */ = {isa = PBXFileReference; lastKnownFileType = sourcecode.swift; path = IndexViewController.swift; sourceTree = "<group>"; };
		FA805C1F2555954100B3E836 /* SMARTMarkers.xcodeproj */ = {isa = PBXFileReference; lastKnownFileType = "wrapper.pb-project"; name = SMARTMarkers.xcodeproj; path = "smartmarkers-ios/SMARTMarkers.xcodeproj"; sourceTree = "<group>"; };
		FA805C262555954A00B3E836 /* SwiftSMART.xcodeproj */ = {isa = PBXFileReference; lastKnownFileType = "wrapper.pb-project"; name = SwiftSMART.xcodeproj; path = "smartmarkers-ios/Swift-SMART/SwiftSMART.xcodeproj"; sourceTree = "<group>"; };
		FA805C392555955600B3E836 /* ResearchKit.xcodeproj */ = {isa = PBXFileReference; lastKnownFileType = "wrapper.pb-project"; name = ResearchKit.xcodeproj; path = "smartmarkers-ios/ResearchKit/ResearchKit.xcodeproj"; sourceTree = "<group>"; };
		FA805C622555A33E00B3E836 /* Condition+Report.swift */ = {isa = PBXFileReference; fileEncoding = 4; lastKnownFileType = sourcecode.swift; path = "Condition+Report.swift"; sourceTree = "<group>"; };
		FA805C652555A34000B3E836 /* Immunization+Report.swift */ = {isa = PBXFileReference; lastKnownFileType = sourcecode.swift; path = "Immunization+Report.swift"; sourceTree = "<group>"; };
		FA805C682555A34500B3E836 /* MedicationRequest+Report.swift */ = {isa = PBXFileReference; fileEncoding = 4; lastKnownFileType = sourcecode.swift; path = "MedicationRequest+Report.swift"; sourceTree = "<group>"; };
		FA805C6E2555A43000B3E836 /* ParseReports.swift */ = {isa = PBXFileReference; lastKnownFileType = sourcecode.swift; path = ParseReports.swift; sourceTree = "<group>"; };
		FAAA9AF5255321C500279138 /* CLIPSiOS.framework */ = {isa = PBXFileReference; lastKnownFileType = wrapper.framework; path = CLIPSiOS.framework; sourceTree = "<group>"; };
		FAAE8C2925509EC500DCBC6E /* CLIPSsource */ = {isa = PBXFileReference; lastKnownFileType = folder; path = CLIPSsource; sourceTree = "<group>"; };
		FAAE8C3425509F6C00DCBC6E /* CLIPS-bridging-header.h */ = {isa = PBXFileReference; lastKnownFileType = sourcecode.c.h; path = "CLIPS-bridging-header.h"; sourceTree = "<group>"; };
/* End PBXFileReference section */

/* Begin PBXFrameworksBuildPhase section */
		D484F8FC23A2E975001A1284 /* Frameworks */ = {
			isa = PBXFrameworksBuildPhase;
			buildActionMask = 2147483647;
			files = (
				D4491AFA23A3D8C900F3CAD9 /* SMARTMarkers.framework in Frameworks */,
				FAAA9AF6255321C500279138 /* CLIPSiOS.framework in Frameworks */,
				D4491B0123A3DAFD00F3CAD9 /* HealthKit.framework in Frameworks */,
				D4491AF823A3D8C900F3CAD9 /* ResearchKit.framework in Frameworks */,
				D4491AFC23A3D8C900F3CAD9 /* SMART.framework in Frameworks */,
			);
			runOnlyForDeploymentPostprocessing = 0;
		};
		D4880EEB25472208006AF019 /* Frameworks */ = {
			isa = PBXFrameworksBuildPhase;
			buildActionMask = 2147483647;
			files = (
				D4880EEC25472208006AF019 /* SMARTMarkers.framework in Frameworks */,
				FAAA9AF7255321C500279138 /* CLIPSiOS.framework in Frameworks */,
				D4880EED25472208006AF019 /* HealthKit.framework in Frameworks */,
				D4880EEE25472208006AF019 /* ResearchKit.framework in Frameworks */,
				D4880EEF25472208006AF019 /* SMART.framework in Frameworks */,
			);
			runOnlyForDeploymentPostprocessing = 0;
		};
/* End PBXFrameworksBuildPhase section */

/* Begin PBXGroup section */
		D4491AF423A3D8C900F3CAD9 /* Frameworks */ = {
			isa = PBXGroup;
			children = (
				D4491B0023A3DAFD00F3CAD9 /* HealthKit.framework */,
				D4491AF523A3D8C900F3CAD9 /* ResearchKit.framework */,
				D4491AF623A3D8C900F3CAD9 /* SMARTMarkers.framework */,
				D4491AF723A3D8C900F3CAD9 /* SMART.framework */,
			);
			name = Frameworks;
			sourceTree = "<group>";
		};
		D484F8F623A2E975001A1284 = {
			isa = PBXGroup;
			children = (
				FA805C392555955600B3E836 /* ResearchKit.xcodeproj */,
				FA805C262555954A00B3E836 /* SwiftSMART.xcodeproj */,
				FA805C1F2555954100B3E836 /* SMARTMarkers.xcodeproj */,
				D484F90123A2E975001A1284 /* Concord */,
				D484F90023A2E975001A1284 /* Products */,
				D4491AF423A3D8C900F3CAD9 /* Frameworks */,
				D4880F042547220A006AF019 /* Concord copy-Info.plist */,
			);
			sourceTree = "<group>";
		};
		D484F90023A2E975001A1284 /* Products */ = {
			isa = PBXGroup;
			children = (
				D484F8FF23A2E975001A1284 /* Concord.app */,
				D4880EFB25472208006AF019 /* PPMG.app */,
			);
			name = Products;
			sourceTree = "<group>";
		};
		D484F90123A2E975001A1284 /* Concord */ = {
			isa = PBXGroup;
			children = (
				FAAA9AF5255321C500279138 /* CLIPSiOS.framework */,
				FAAE8C2925509EC500DCBC6E /* CLIPSsource */,
				FA805C6B2555A35A00B3E836 /* ClinicalLogic */,
				FA805C612555A31800B3E836 /* ReportExtensions */,
				D4491AFF23A3DAFC00F3CAD9 /* Concord.entitlements */,
				D484F90223A2E975001A1284 /* AppDelegate.swift */,
				D4491B0423A3F5DE00F3CAD9 /* LabCell.swift */,
				D484F90423A2E975001A1284 /* SceneDelegate.swift */,
				D484F90623A2E975001A1284 /* MasterViewController.swift */,
				D484F90823A2E975001A1284 /* DetailViewController.swift */,
				D484F90A23A2E975001A1284 /* Main.storyboard */,
				D484F90D23A2E97A001A1284 /* Assets.xcassets */,
				D484F90F23A2E97A001A1284 /* LaunchScreen.storyboard */,
				D484F91223A2E97A001A1284 /* Info.plist */,
				D4880F0525473871006AF019 /* LabsTableViewController.swift */,
				D4880F20254872D4006AF019 /* IndexViewController.swift */,
				FAAE8C3425509F6C00DCBC6E /* CLIPS-bridging-header.h */,
			);
			path = Concord;
			sourceTree = "<group>";
		};
		FA805C202555954100B3E836 /* Products */ = {
			isa = PBXGroup;
			children = (
				FA805C242555954100B3E836 /* SMARTMarkers.framework */,
			);
			name = Products;
			sourceTree = "<group>";
		};
		FA805C272555954A00B3E836 /* Products */ = {
			isa = PBXGroup;
			children = (
				FA805C2E2555954A00B3E836 /* SMART.framework */,
				FA805C302555954A00B3E836 /* SwiftSMART-iOSTests.xctest */,
				FA805C322555954A00B3E836 /* SMART.framework */,
				FA805C342555954A00B3E836 /* SwiftSMART-macOSTests.xctest */,
			);
			name = Products;
			sourceTree = "<group>";
		};
		FA805C3A2555955600B3E836 /* Products */ = {
			isa = PBXGroup;
			children = (
				FA805C402555955700B3E836 /* ResearchKit.framework */,
				FA805C422555955700B3E836 /* ResearchKitTests.xctest */,
			);
			name = Products;
			sourceTree = "<group>";
		};
		FA805C612555A31800B3E836 /* ReportExtensions */ = {
			isa = PBXGroup;
			children = (
				FA805C622555A33E00B3E836 /* Condition+Report.swift */,
				FA805C652555A34000B3E836 /* Immunization+Report.swift */,
				FA805C682555A34500B3E836 /* MedicationRequest+Report.swift */,
			);
			path = ReportExtensions;
			sourceTree = "<group>";
		};
		FA805C6B2555A35A00B3E836 /* ClinicalLogic */ = {
			isa = PBXGroup;
			children = (
				FA805C6E2555A43000B3E836 /* ParseReports.swift */,
			);
			path = ClinicalLogic;
			sourceTree = "<group>";
		};
/* End PBXGroup section */

/* Begin PBXNativeTarget section */
		D484F8FE23A2E975001A1284 /* Concord */ = {
			isa = PBXNativeTarget;
			buildConfigurationList = D484F91523A2E97A001A1284 /* Build configuration list for PBXNativeTarget "Concord" */;
			buildPhases = (
				D484F8FB23A2E975001A1284 /* Sources */,
				D484F8FC23A2E975001A1284 /* Frameworks */,
				D484F8FD23A2E975001A1284 /* Resources */,
				D4491AFE23A3D8C900F3CAD9 /* Embed Frameworks */,
			);
			buildRules = (
			);
			dependencies = (
			);
			name = Concord;
			productName = Concord;
			productReference = D484F8FF23A2E975001A1284 /* Concord.app */;
			productType = "com.apple.product-type.application";
		};
		D4880EE425472208006AF019 /* PPMG */ = {
			isa = PBXNativeTarget;
			buildConfigurationList = D4880EF825472208006AF019 /* Build configuration list for PBXNativeTarget "PPMG" */;
			buildPhases = (
				D4880EE525472208006AF019 /* Sources */,
				D4880EEB25472208006AF019 /* Frameworks */,
				D4880EF025472208006AF019 /* Resources */,
				D4880EF425472208006AF019 /* Embed Frameworks */,
			);
			buildRules = (
			);
			dependencies = (
			);
			name = PPMG;
			productName = Concord;
			productReference = D4880EFB25472208006AF019 /* PPMG.app */;
			productType = "com.apple.product-type.application";
		};
/* End PBXNativeTarget section */

/* Begin PBXProject section */
		D484F8F723A2E975001A1284 /* Project object */ = {
			isa = PBXProject;
			attributes = {
				LastSwiftUpdateCheck = 1100;
				LastUpgradeCheck = 1100;
				ORGANIZATIONNAME = "Medical Gear";
				TargetAttributes = {
					D484F8FE23A2E975001A1284 = {
						CreatedOnToolsVersion = 11.0;
					};
				};
			};
			buildConfigurationList = D484F8FA23A2E975001A1284 /* Build configuration list for PBXProject "Concord" */;
			compatibilityVersion = "Xcode 9.3";
			developmentRegion = en;
			hasScannedForEncodings = 0;
			knownRegions = (
				en,
				Base,
			);
			mainGroup = D484F8F623A2E975001A1284;
			productRefGroup = D484F90023A2E975001A1284 /* Products */;
			projectDirPath = "";
			projectReferences = (
				{
					ProductGroup = FA805C3A2555955600B3E836 /* Products */;
					ProjectRef = FA805C392555955600B3E836 /* ResearchKit.xcodeproj */;
				},
				{
					ProductGroup = FA805C202555954100B3E836 /* Products */;
					ProjectRef = FA805C1F2555954100B3E836 /* SMARTMarkers.xcodeproj */;
				},
				{
					ProductGroup = FA805C272555954A00B3E836 /* Products */;
					ProjectRef = FA805C262555954A00B3E836 /* SwiftSMART.xcodeproj */;
				},
			);
			projectRoot = "";
			targets = (
				D484F8FE23A2E975001A1284 /* Concord */,
				D4880EE425472208006AF019 /* PPMG */,
			);
		};
/* End PBXProject section */

/* Begin PBXReferenceProxy section */
		FA805C242555954100B3E836 /* SMARTMarkers.framework */ = {
			isa = PBXReferenceProxy;
			fileType = wrapper.framework;
			path = SMARTMarkers.framework;
			remoteRef = FA805C232555954100B3E836 /* PBXContainerItemProxy */;
			sourceTree = BUILT_PRODUCTS_DIR;
		};
		FA805C2E2555954A00B3E836 /* SMART.framework */ = {
			isa = PBXReferenceProxy;
			fileType = wrapper.framework;
			path = SMART.framework;
			remoteRef = FA805C2D2555954A00B3E836 /* PBXContainerItemProxy */;
			sourceTree = BUILT_PRODUCTS_DIR;
		};
		FA805C302555954A00B3E836 /* SwiftSMART-iOSTests.xctest */ = {
			isa = PBXReferenceProxy;
			fileType = wrapper.cfbundle;
			path = "SwiftSMART-iOSTests.xctest";
			remoteRef = FA805C2F2555954A00B3E836 /* PBXContainerItemProxy */;
			sourceTree = BUILT_PRODUCTS_DIR;
		};
		FA805C322555954A00B3E836 /* SMART.framework */ = {
			isa = PBXReferenceProxy;
			fileType = wrapper.framework;
			path = SMART.framework;
			remoteRef = FA805C312555954A00B3E836 /* PBXContainerItemProxy */;
			sourceTree = BUILT_PRODUCTS_DIR;
		};
		FA805C342555954A00B3E836 /* SwiftSMART-macOSTests.xctest */ = {
			isa = PBXReferenceProxy;
			fileType = wrapper.cfbundle;
			path = "SwiftSMART-macOSTests.xctest";
			remoteRef = FA805C332555954A00B3E836 /* PBXContainerItemProxy */;
			sourceTree = BUILT_PRODUCTS_DIR;
		};
		FA805C402555955700B3E836 /* ResearchKit.framework */ = {
			isa = PBXReferenceProxy;
			fileType = wrapper.framework;
			path = ResearchKit.framework;
			remoteRef = FA805C3F2555955700B3E836 /* PBXContainerItemProxy */;
			sourceTree = BUILT_PRODUCTS_DIR;
		};
		FA805C422555955700B3E836 /* ResearchKitTests.xctest */ = {
			isa = PBXReferenceProxy;
			fileType = wrapper.cfbundle;
			path = ResearchKitTests.xctest;
			remoteRef = FA805C412555955700B3E836 /* PBXContainerItemProxy */;
			sourceTree = BUILT_PRODUCTS_DIR;
		};
/* End PBXReferenceProxy section */

/* Begin PBXResourcesBuildPhase section */
		D484F8FD23A2E975001A1284 /* Resources */ = {
			isa = PBXResourcesBuildPhase;
			buildActionMask = 2147483647;
			files = (
				D484F91123A2E97A001A1284 /* LaunchScreen.storyboard in Resources */,
				D484F90E23A2E97A001A1284 /* Assets.xcassets in Resources */,
				D484F90C23A2E975001A1284 /* Main.storyboard in Resources */,
				FAAE8C3225509EC500DCBC6E /* CLIPSsource in Resources */,
			);
			runOnlyForDeploymentPostprocessing = 0;
		};
		D4880EF025472208006AF019 /* Resources */ = {
			isa = PBXResourcesBuildPhase;
			buildActionMask = 2147483647;
			files = (
				D4880EF125472208006AF019 /* LaunchScreen.storyboard in Resources */,
				D4880EF225472208006AF019 /* Assets.xcassets in Resources */,
				D4880EF325472208006AF019 /* Main.storyboard in Resources */,
				FAAA9AE52553202700279138 /* CLIPSsource in Resources */,
			);
			runOnlyForDeploymentPostprocessing = 0;
		};
/* End PBXResourcesBuildPhase section */

/* Begin PBXSourcesBuildPhase section */
		D484F8FB23A2E975001A1284 /* Sources */ = {
			isa = PBXSourcesBuildPhase;
			buildActionMask = 2147483647;
			files = (
				D484F90323A2E975001A1284 /* AppDelegate.swift in Sources */,
				D4880F0625473871006AF019 /* LabsTableViewController.swift in Sources */,
				D4491B0523A3F5DE00F3CAD9 /* LabCell.swift in Sources */,
				FA805C672555A34000B3E836 /* Immunization+Report.swift in Sources */,
				D484F90523A2E975001A1284 /* SceneDelegate.swift in Sources */,
				D484F90723A2E975001A1284 /* MasterViewController.swift in Sources */,
				D4880F21254872D4006AF019 /* IndexViewController.swift in Sources */,
				D484F90923A2E975001A1284 /* DetailViewController.swift in Sources */,
				FA805C692555A34500B3E836 /* MedicationRequest+Report.swift in Sources */,
				FA805C6F2555A43000B3E836 /* ParseReports.swift in Sources */,
				FA805C632555A33E00B3E836 /* Condition+Report.swift in Sources */,
			);
			runOnlyForDeploymentPostprocessing = 0;
		};
		D4880EE525472208006AF019 /* Sources */ = {
			isa = PBXSourcesBuildPhase;
			buildActionMask = 2147483647;
			files = (
				D4880EE625472208006AF019 /* AppDelegate.swift in Sources */,
				D4880F0725473871006AF019 /* LabsTableViewController.swift in Sources */,
				D4880EE725472208006AF019 /* LabCell.swift in Sources */,
				FA805C662555A34000B3E836 /* Immunization+Report.swift in Sources */,
				D4880EE825472208006AF019 /* SceneDelegate.swift in Sources */,
				D4880EE925472208006AF019 /* MasterViewController.swift in Sources */,
				D4880F22254872D4006AF019 /* IndexViewController.swift in Sources */,
				D4880EEA25472208006AF019 /* DetailViewController.swift in Sources */,
				FA805C6A2555A34500B3E836 /* MedicationRequest+Report.swift in Sources */,
				FA805C702555A43000B3E836 /* ParseReports.swift in Sources */,
				FA805C642555A33E00B3E836 /* Condition+Report.swift in Sources */,
			);
			runOnlyForDeploymentPostprocessing = 0;
		};
/* End PBXSourcesBuildPhase section */

/* Begin PBXVariantGroup section */
		D484F90A23A2E975001A1284 /* Main.storyboard */ = {
			isa = PBXVariantGroup;
			children = (
				D484F90B23A2E975001A1284 /* Base */,
			);
			name = Main.storyboard;
			sourceTree = "<group>";
		};
		D484F90F23A2E97A001A1284 /* LaunchScreen.storyboard */ = {
			isa = PBXVariantGroup;
			children = (
				D484F91023A2E97A001A1284 /* Base */,
			);
			name = LaunchScreen.storyboard;
			sourceTree = "<group>";
		};
/* End PBXVariantGroup section */

/* Begin XCBuildConfiguration section */
		D484F91323A2E97A001A1284 /* Debug */ = {
			isa = XCBuildConfiguration;
			buildSettings = {
				ALWAYS_SEARCH_USER_PATHS = NO;
				CLANG_ANALYZER_NONNULL = YES;
				CLANG_ANALYZER_NUMBER_OBJECT_CONVERSION = YES_AGGRESSIVE;
				CLANG_CXX_LANGUAGE_STANDARD = "gnu++14";
				CLANG_CXX_LIBRARY = "libc++";
				CLANG_ENABLE_MODULES = YES;
				CLANG_ENABLE_OBJC_ARC = YES;
				CLANG_ENABLE_OBJC_WEAK = YES;
				CLANG_WARN_BLOCK_CAPTURE_AUTORELEASING = YES;
				CLANG_WARN_BOOL_CONVERSION = YES;
				CLANG_WARN_COMMA = YES;
				CLANG_WARN_CONSTANT_CONVERSION = YES;
				CLANG_WARN_DEPRECATED_OBJC_IMPLEMENTATIONS = YES;
				CLANG_WARN_DIRECT_OBJC_ISA_USAGE = YES_ERROR;
				CLANG_WARN_DOCUMENTATION_COMMENTS = YES;
				CLANG_WARN_EMPTY_BODY = YES;
				CLANG_WARN_ENUM_CONVERSION = YES;
				CLANG_WARN_INFINITE_RECURSION = YES;
				CLANG_WARN_INT_CONVERSION = YES;
				CLANG_WARN_NON_LITERAL_NULL_CONVERSION = YES;
				CLANG_WARN_OBJC_IMPLICIT_RETAIN_SELF = YES;
				CLANG_WARN_OBJC_LITERAL_CONVERSION = YES;
				CLANG_WARN_OBJC_ROOT_CLASS = YES_ERROR;
				CLANG_WARN_RANGE_LOOP_ANALYSIS = YES;
				CLANG_WARN_STRICT_PROTOTYPES = YES;
				CLANG_WARN_SUSPICIOUS_MOVE = YES;
				CLANG_WARN_UNGUARDED_AVAILABILITY = YES_AGGRESSIVE;
				CLANG_WARN_UNREACHABLE_CODE = YES;
				CLANG_WARN__DUPLICATE_METHOD_MATCH = YES;
				COPY_PHASE_STRIP = NO;
				DEBUG_INFORMATION_FORMAT = dwarf;
				ENABLE_BITCODE = NO;
				ENABLE_STRICT_OBJC_MSGSEND = YES;
				ENABLE_TESTABILITY = YES;
				GCC_C_LANGUAGE_STANDARD = gnu11;
				GCC_DYNAMIC_NO_PIC = NO;
				GCC_INPUT_FILETYPE = automatic;
				GCC_NO_COMMON_BLOCKS = YES;
				GCC_OPTIMIZATION_LEVEL = 0;
				GCC_PREPROCESSOR_DEFINITIONS = (
					"DEBUG=1",
					"$(inherited)",
				);
				GCC_WARN_64_TO_32_BIT_CONVERSION = YES;
				GCC_WARN_ABOUT_RETURN_TYPE = YES_ERROR;
				GCC_WARN_UNDECLARED_SELECTOR = YES;
				GCC_WARN_UNINITIALIZED_AUTOS = YES_AGGRESSIVE;
				GCC_WARN_UNUSED_FUNCTION = YES;
				GCC_WARN_UNUSED_VARIABLE = YES;
				IPHONEOS_DEPLOYMENT_TARGET = 13.0;
				MTL_ENABLE_DEBUG_INFO = INCLUDE_SOURCE;
				MTL_FAST_MATH = YES;
				ONLY_ACTIVE_ARCH = YES;
				SDKROOT = iphoneos;
				SWIFT_ACTIVE_COMPILATION_CONDITIONS = DEBUG;
				SWIFT_OBJC_BRIDGING_HEADER = "Concord/CLIPS-bridging-header.h";
				SWIFT_OPTIMIZATION_LEVEL = "-Onone";
			};
			name = Debug;
		};
		D484F91423A2E97A001A1284 /* Release */ = {
			isa = XCBuildConfiguration;
			buildSettings = {
				ALWAYS_SEARCH_USER_PATHS = NO;
				CLANG_ANALYZER_NONNULL = YES;
				CLANG_ANALYZER_NUMBER_OBJECT_CONVERSION = YES_AGGRESSIVE;
				CLANG_CXX_LANGUAGE_STANDARD = "gnu++14";
				CLANG_CXX_LIBRARY = "libc++";
				CLANG_ENABLE_MODULES = YES;
				CLANG_ENABLE_OBJC_ARC = YES;
				CLANG_ENABLE_OBJC_WEAK = YES;
				CLANG_WARN_BLOCK_CAPTURE_AUTORELEASING = YES;
				CLANG_WARN_BOOL_CONVERSION = YES;
				CLANG_WARN_COMMA = YES;
				CLANG_WARN_CONSTANT_CONVERSION = YES;
				CLANG_WARN_DEPRECATED_OBJC_IMPLEMENTATIONS = YES;
				CLANG_WARN_DIRECT_OBJC_ISA_USAGE = YES_ERROR;
				CLANG_WARN_DOCUMENTATION_COMMENTS = YES;
				CLANG_WARN_EMPTY_BODY = YES;
				CLANG_WARN_ENUM_CONVERSION = YES;
				CLANG_WARN_INFINITE_RECURSION = YES;
				CLANG_WARN_INT_CONVERSION = YES;
				CLANG_WARN_NON_LITERAL_NULL_CONVERSION = YES;
				CLANG_WARN_OBJC_IMPLICIT_RETAIN_SELF = YES;
				CLANG_WARN_OBJC_LITERAL_CONVERSION = YES;
				CLANG_WARN_OBJC_ROOT_CLASS = YES_ERROR;
				CLANG_WARN_RANGE_LOOP_ANALYSIS = YES;
				CLANG_WARN_STRICT_PROTOTYPES = YES;
				CLANG_WARN_SUSPICIOUS_MOVE = YES;
				CLANG_WARN_UNGUARDED_AVAILABILITY = YES_AGGRESSIVE;
				CLANG_WARN_UNREACHABLE_CODE = YES;
				CLANG_WARN__DUPLICATE_METHOD_MATCH = YES;
				COPY_PHASE_STRIP = NO;
				DEBUG_INFORMATION_FORMAT = "dwarf-with-dsym";
				ENABLE_BITCODE = NO;
				ENABLE_NS_ASSERTIONS = NO;
				ENABLE_STRICT_OBJC_MSGSEND = YES;
				GCC_C_LANGUAGE_STANDARD = gnu11;
				GCC_INPUT_FILETYPE = automatic;
				GCC_NO_COMMON_BLOCKS = YES;
				GCC_WARN_64_TO_32_BIT_CONVERSION = YES;
				GCC_WARN_ABOUT_RETURN_TYPE = YES_ERROR;
				GCC_WARN_UNDECLARED_SELECTOR = YES;
				GCC_WARN_UNINITIALIZED_AUTOS = YES_AGGRESSIVE;
				GCC_WARN_UNUSED_FUNCTION = YES;
				GCC_WARN_UNUSED_VARIABLE = YES;
				IPHONEOS_DEPLOYMENT_TARGET = 13.0;
				MTL_ENABLE_DEBUG_INFO = NO;
				MTL_FAST_MATH = YES;
				SDKROOT = iphoneos;
				SWIFT_COMPILATION_MODE = wholemodule;
				SWIFT_OBJC_BRIDGING_HEADER = "Concord/CLIPS-bridging-header.h";
				SWIFT_OPTIMIZATION_LEVEL = "-O";
				VALIDATE_PRODUCT = YES;
			};
			name = Release;
		};
		D484F91623A2E97A001A1284 /* Debug */ = {
			isa = XCBuildConfiguration;
			buildSettings = {
				ASSETCATALOG_COMPILER_APPICON_NAME = AppIcon;
				CODE_SIGN_ENTITLEMENTS = Concord/Concord.entitlements;
				CODE_SIGN_STYLE = Automatic;
				DEVELOPMENT_TEAM = Q4JTXWLJ7B;
				FRAMEWORK_SEARCH_PATHS = (
					"$(inherited)",
					"$(PROJECT_DIR)/Concord",
				);
				INFOPLIST_FILE = Concord/Info.plist;
				LD_RUNPATH_SEARCH_PATHS = (
					"$(inherited)",
					"@executable_path/Frameworks",
				);
				PRODUCT_BUNDLE_IDENTIFIER = org.chip..Concord;
				PRODUCT_NAME = "$(TARGET_NAME)";
				SWIFT_VERSION = 5.0;
				TARGETED_DEVICE_FAMILY = 1;
			};
			name = Debug;
		};
		D484F91723A2E97A001A1284 /* Release */ = {
			isa = XCBuildConfiguration;
			buildSettings = {
				ASSETCATALOG_COMPILER_APPICON_NAME = AppIcon;
				CODE_SIGN_ENTITLEMENTS = Concord/Concord.entitlements;
				CODE_SIGN_STYLE = Automatic;
				DEVELOPMENT_TEAM = Q4JTXWLJ7B;
				FRAMEWORK_SEARCH_PATHS = (
					"$(inherited)",
					"$(PROJECT_DIR)/Concord",
				);
				INFOPLIST_FILE = Concord/Info.plist;
				LD_RUNPATH_SEARCH_PATHS = (
					"$(inherited)",
					"@executable_path/Frameworks",
				);
				PRODUCT_BUNDLE_IDENTIFIER = org.chip..Concord;
				PRODUCT_NAME = "$(TARGET_NAME)";
				SWIFT_VERSION = 5.0;
				TARGETED_DEVICE_FAMILY = 1;
			};
			name = Release;
		};
		D4880EF925472208006AF019 /* Debug */ = {
			isa = XCBuildConfiguration;
			buildSettings = {
				ASSETCATALOG_COMPILER_APPICON_NAME = AppIcon;
				CODE_SIGN_ENTITLEMENTS = Concord/Concord.entitlements;
				CODE_SIGN_STYLE = Automatic;
				CURRENT_PROJECT_VERSION = 37;
				DEVELOPMENT_TEAM = Q4JTXWLJ7B;
				FRAMEWORK_SEARCH_PATHS = (
					"$(inherited)",
					"$(PROJECT_DIR)/Concord",
				);
				INFOPLIST_FILE = "Concord copy-Info.plist";
				LD_RUNPATH_SEARCH_PATHS = (
					"$(inherited)",
					"@executable_path/Frameworks",
				);
				MARKETING_VERSION = 0.1;
				PRODUCT_BUNDLE_IDENTIFIER = edu.harvard.hms.dbmi.ppmg;
				PRODUCT_NAME = PPMG;
				SWIFT_VERSION = 5.0;
				TARGETED_DEVICE_FAMILY = 1;
			};
			name = Debug;
		};
		D4880EFA25472208006AF019 /* Release */ = {
			isa = XCBuildConfiguration;
			buildSettings = {
				ASSETCATALOG_COMPILER_APPICON_NAME = AppIcon;
				CODE_SIGN_ENTITLEMENTS = Concord/Concord.entitlements;
				CODE_SIGN_STYLE = Automatic;
				CURRENT_PROJECT_VERSION = 37;
				DEVELOPMENT_TEAM = Q4JTXWLJ7B;
				FRAMEWORK_SEARCH_PATHS = (
					"$(inherited)",
					"$(PROJECT_DIR)/Concord",
				);
				INFOPLIST_FILE = "Concord copy-Info.plist";
				LD_RUNPATH_SEARCH_PATHS = (
					"$(inherited)",
					"@executable_path/Frameworks",
				);
				MARKETING_VERSION = 0.1;
				PRODUCT_BUNDLE_IDENTIFIER = edu.harvard.hms.dbmi.ppmg;
				PRODUCT_NAME = PPMG;
				SWIFT_VERSION = 5.0;
				TARGETED_DEVICE_FAMILY = 1;
			};
			name = Release;
		};
/* End XCBuildConfiguration section */

/* Begin XCConfigurationList section */
		D484F8FA23A2E975001A1284 /* Build configuration list for PBXProject "Concord" */ = {
			isa = XCConfigurationList;
			buildConfigurations = (
				D484F91323A2E97A001A1284 /* Debug */,
				D484F91423A2E97A001A1284 /* Release */,
			);
			defaultConfigurationIsVisible = 0;
			defaultConfigurationName = Release;
		};
		D484F91523A2E97A001A1284 /* Build configuration list for PBXNativeTarget "Concord" */ = {
			isa = XCConfigurationList;
			buildConfigurations = (
				D484F91623A2E97A001A1284 /* Debug */,
				D484F91723A2E97A001A1284 /* Release */,
			);
			defaultConfigurationIsVisible = 0;
			defaultConfigurationName = Release;
		};
		D4880EF825472208006AF019 /* Build configuration list for PBXNativeTarget "PPMG" */ = {
			isa = XCConfigurationList;
			buildConfigurations = (
				D4880EF925472208006AF019 /* Debug */,
				D4880EFA25472208006AF019 /* Release */,
			);
			defaultConfigurationIsVisible = 0;
			defaultConfigurationName = Release;
		};
/* End XCConfigurationList section */
	};
	rootObject = D484F8F723A2E975001A1284 /* Project object */;
}
