// !$*UTF8*$!
{
	archiveVersion = 1;
	classes = {
	};
	objectVersion = 50;
	objects = {

/* Begin PBXBuildFile section */
		D4491AF823A3D8C900F3CAD9 /* ResearchKit.framework in Frameworks */ = {isa = PBXBuildFile; fileRef = D4491AF523A3D8C900F3CAD9 /* ResearchKit.framework */; };
		D4491AF923A3D8C900F3CAD9 /* ResearchKit.framework in Embed Frameworks */ = {isa = PBXBuildFile; fileRef = D4491AF523A3D8C900F3CAD9 /* ResearchKit.framework */; settings = {ATTRIBUTES = (CodeSignOnCopy, RemoveHeadersOnCopy, ); }; };
		D4491AFA23A3D8C900F3CAD9 /* SMARTMarkers.framework in Frameworks */ = {isa = PBXBuildFile; fileRef = D4491AF623A3D8C900F3CAD9 /* SMARTMarkers.framework */; };
		D4491AFB23A3D8C900F3CAD9 /* SMARTMarkers.framework in Embed Frameworks */ = {isa = PBXBuildFile; fileRef = D4491AF623A3D8C900F3CAD9 /* SMARTMarkers.framework */; settings = {ATTRIBUTES = (CodeSignOnCopy, RemoveHeadersOnCopy, ); }; };
		D4491AFC23A3D8C900F3CAD9 /* SMART.framework in Frameworks */ = {isa = PBXBuildFile; fileRef = D4491AF723A3D8C900F3CAD9 /* SMART.framework */; };
		D4491AFD23A3D8C900F3CAD9 /* SMART.framework in Embed Frameworks */ = {isa = PBXBuildFile; fileRef = D4491AF723A3D8C900F3CAD9 /* SMART.framework */; settings = {ATTRIBUTES = (CodeSignOnCopy, RemoveHeadersOnCopy, ); }; };
		D4491B0123A3DAFD00F3CAD9 /* HealthKit.framework in Frameworks */ = {isa = PBXBuildFile; fileRef = D4491B0023A3DAFD00F3CAD9 /* HealthKit.framework */; };
		D4491B0523A3F5DE00F3CAD9 /* LabCell.swift in Sources */ = {isa = PBXBuildFile; fileRef = D4491B0423A3F5DE00F3CAD9 /* LabCell.swift */; };
		D484F90323A2E975001A1284 /* AppDelegate.swift in Sources */ = {isa = PBXBuildFile; fileRef = D484F90223A2E975001A1284 /* AppDelegate.swift */; };
		D484F90523A2E975001A1284 /* SceneDelegate.swift in Sources */ = {isa = PBXBuildFile; fileRef = D484F90423A2E975001A1284 /* SceneDelegate.swift */; };
		D484F90723A2E975001A1284 /* MasterViewController.swift in Sources */ = {isa = PBXBuildFile; fileRef = D484F90623A2E975001A1284 /* MasterViewController.swift */; };
		D484F90923A2E975001A1284 /* DetailViewController.swift in Sources */ = {isa = PBXBuildFile; fileRef = D484F90823A2E975001A1284 /* DetailViewController.swift */; };
		D484F90C23A2E975001A1284 /* Main.storyboard in Resources */ = {isa = PBXBuildFile; fileRef = D484F90A23A2E975001A1284 /* Main.storyboard */; };
		D484F90E23A2E97A001A1284 /* Assets.xcassets in Resources */ = {isa = PBXBuildFile; fileRef = D484F90D23A2E97A001A1284 /* Assets.xcassets */; };
		D484F91123A2E97A001A1284 /* LaunchScreen.storyboard in Resources */ = {isa = PBXBuildFile; fileRef = D484F90F23A2E97A001A1284 /* LaunchScreen.storyboard */; };
/* End PBXBuildFile section */

/* Begin PBXCopyFilesBuildPhase section */
		D4491AFE23A3D8C900F3CAD9 /* Embed Frameworks */ = {
			isa = PBXCopyFilesBuildPhase;
			buildActionMask = 2147483647;
			dstPath = "";
			dstSubfolderSpec = 10;
			files = (
				D4491AFB23A3D8C900F3CAD9 /* SMARTMarkers.framework in Embed Frameworks */,
				D4491AF923A3D8C900F3CAD9 /* ResearchKit.framework in Embed Frameworks */,
				D4491AFD23A3D8C900F3CAD9 /* SMART.framework in Embed Frameworks */,
			);
			name = "Embed Frameworks";
			runOnlyForDeploymentPostprocessing = 0;
		};
/* End PBXCopyFilesBuildPhase section */

/* Begin PBXFileReference section */
		D4491AF523A3D8C900F3CAD9 /* ResearchKit.framework */ = {isa = PBXFileReference; explicitFileType = wrapper.framework; path = ResearchKit.framework; sourceTree = BUILT_PRODUCTS_DIR; };
		D4491AF623A3D8C900F3CAD9 /* SMARTMarkers.framework */ = {isa = PBXFileReference; explicitFileType = wrapper.framework; path = SMARTMarkers.framework; sourceTree = BUILT_PRODUCTS_DIR; };
		D4491AF723A3D8C900F3CAD9 /* SMART.framework */ = {isa = PBXFileReference; explicitFileType = wrapper.framework; path = SMART.framework; sourceTree = BUILT_PRODUCTS_DIR; };
		D4491AFF23A3DAFC00F3CAD9 /* Concord.entitlements */ = {isa = PBXFileReference; lastKnownFileType = text.plist.entitlements; path = Concord.entitlements; sourceTree = "<group>"; };
		D4491B0023A3DAFD00F3CAD9 /* HealthKit.framework */ = {isa = PBXFileReference; lastKnownFileType = wrapper.framework; name = HealthKit.framework; path = System/Library/Frameworks/HealthKit.framework; sourceTree = SDKROOT; };
		D4491B0423A3F5DE00F3CAD9 /* LabCell.swift */ = {isa = PBXFileReference; lastKnownFileType = sourcecode.swift; path = LabCell.swift; sourceTree = "<group>"; };
		D484F8FF23A2E975001A1284 /* Concord.app */ = {isa = PBXFileReference; explicitFileType = wrapper.application; includeInIndex = 0; path = Concord.app; sourceTree = BUILT_PRODUCTS_DIR; };
		D484F90223A2E975001A1284 /* AppDelegate.swift */ = {isa = PBXFileReference; lastKnownFileType = sourcecode.swift; path = AppDelegate.swift; sourceTree = "<group>"; };
		D484F90423A2E975001A1284 /* SceneDelegate.swift */ = {isa = PBXFileReference; lastKnownFileType = sourcecode.swift; path = SceneDelegate.swift; sourceTree = "<group>"; };
		D484F90623A2E975001A1284 /* MasterViewController.swift */ = {isa = PBXFileReference; lastKnownFileType = sourcecode.swift; path = MasterViewController.swift; sourceTree = "<group>"; };
		D484F90823A2E975001A1284 /* DetailViewController.swift */ = {isa = PBXFileReference; lastKnownFileType = sourcecode.swift; path = DetailViewController.swift; sourceTree = "<group>"; };
		D484F90B23A2E975001A1284 /* Base */ = {isa = PBXFileReference; lastKnownFileType = file.storyboard; name = Base; path = Base.lproj/Main.storyboard; sourceTree = "<group>"; };
		D484F90D23A2E97A001A1284 /* Assets.xcassets */ = {isa = PBXFileReference; lastKnownFileType = folder.assetcatalog; path = Assets.xcassets; sourceTree = "<group>"; };
		D484F91023A2E97A001A1284 /* Base */ = {isa = PBXFileReference; lastKnownFileType = file.storyboard; name = Base; path = Base.lproj/LaunchScreen.storyboard; sourceTree = "<group>"; };
		D484F91223A2E97A001A1284 /* Info.plist */ = {isa = PBXFileReference; lastKnownFileType = text.plist.xml; path = Info.plist; sourceTree = "<group>"; };
/* End PBXFileReference section */

/* Begin PBXFrameworksBuildPhase section */
		D484F8FC23A2E975001A1284 /* Frameworks */ = {
			isa = PBXFrameworksBuildPhase;
			buildActionMask = 2147483647;
			files = (
				D4491AFA23A3D8C900F3CAD9 /* SMARTMarkers.framework in Frameworks */,
				D4491B0123A3DAFD00F3CAD9 /* HealthKit.framework in Frameworks */,
				D4491AF823A3D8C900F3CAD9 /* ResearchKit.framework in Frameworks */,
				D4491AFC23A3D8C900F3CAD9 /* SMART.framework in Frameworks */,
			);
			runOnlyForDeploymentPostprocessing = 0;
		};
/* End PBXFrameworksBuildPhase section */

/* Begin PBXGroup section */
		D4491AF423A3D8C900F3CAD9 /* Frameworks */ = {
			isa = PBXGroup;
			children = (
				D4491B0023A3DAFD00F3CAD9 /* HealthKit.framework */,
				D4491AF523A3D8C900F3CAD9 /* ResearchKit.framework */,
				D4491AF623A3D8C900F3CAD9 /* SMARTMarkers.framework */,
				D4491AF723A3D8C900F3CAD9 /* SMART.framework */,
			);
			name = Frameworks;
			sourceTree = "<group>";
		};
		D484F8F623A2E975001A1284 = {
			isa = PBXGroup;
			children = (
				D484F90123A2E975001A1284 /* Concord */,
				D484F90023A2E975001A1284 /* Products */,
				D4491AF423A3D8C900F3CAD9 /* Frameworks */,
			);
			sourceTree = "<group>";
		};
		D484F90023A2E975001A1284 /* Products */ = {
			isa = PBXGroup;
			children = (
				D484F8FF23A2E975001A1284 /* Concord.app */,
			);
			name = Products;
			sourceTree = "<group>";
		};
		D484F90123A2E975001A1284 /* Concord */ = {
			isa = PBXGroup;
			children = (
				D4491AFF23A3DAFC00F3CAD9 /* Concord.entitlements */,
				D484F90223A2E975001A1284 /* AppDelegate.swift */,
				D4491B0423A3F5DE00F3CAD9 /* LabCell.swift */,
				D484F90423A2E975001A1284 /* SceneDelegate.swift */,
				D484F90623A2E975001A1284 /* MasterViewController.swift */,
				D484F90823A2E975001A1284 /* DetailViewController.swift */,
				D484F90A23A2E975001A1284 /* Main.storyboard */,
				D484F90D23A2E97A001A1284 /* Assets.xcassets */,
				D484F90F23A2E97A001A1284 /* LaunchScreen.storyboard */,
				D484F91223A2E97A001A1284 /* Info.plist */,
			);
			path = Concord;
			sourceTree = "<group>";
		};
/* End PBXGroup section */

/* Begin PBXNativeTarget section */
		D484F8FE23A2E975001A1284 /* Concord */ = {
			isa = PBXNativeTarget;
			buildConfigurationList = D484F91523A2E97A001A1284 /* Build configuration list for PBXNativeTarget "Concord" */;
			buildPhases = (
				D484F8FB23A2E975001A1284 /* Sources */,
				D484F8FC23A2E975001A1284 /* Frameworks */,
				D484F8FD23A2E975001A1284 /* Resources */,
				D4491AFE23A3D8C900F3CAD9 /* Embed Frameworks */,
			);
			buildRules = (
			);
			dependencies = (
			);
			name = Concord;
			productName = Concord;
			productReference = D484F8FF23A2E975001A1284 /* Concord.app */;
			productType = "com.apple.product-type.application";
		};
/* End PBXNativeTarget section */

/* Begin PBXProject section */
		D484F8F723A2E975001A1284 /* Project object */ = {
			isa = PBXProject;
			attributes = {
				LastSwiftUpdateCheck = 1100;
				LastUpgradeCheck = 1100;
				ORGANIZATIONNAME = "Medical Gear";
				TargetAttributes = {
					D484F8FE23A2E975001A1284 = {
						CreatedOnToolsVersion = 11.0;
					};
				};
			};
			buildConfigurationList = D484F8FA23A2E975001A1284 /* Build configuration list for PBXProject "Concord" */;
			compatibilityVersion = "Xcode 9.3";
			developmentRegion = en;
			hasScannedForEncodings = 0;
			knownRegions = (
				en,
				Base,
			);
			mainGroup = D484F8F623A2E975001A1284;
			productRefGroup = D484F90023A2E975001A1284 /* Products */;
			projectDirPath = "";
			projectRoot = "";
			targets = (
				D484F8FE23A2E975001A1284 /* Concord */,
			);
		};
/* End PBXProject section */

/* Begin PBXResourcesBuildPhase section */
		D484F8FD23A2E975001A1284 /* Resources */ = {
			isa = PBXResourcesBuildPhase;
			buildActionMask = 2147483647;
			files = (
				D484F91123A2E97A001A1284 /* LaunchScreen.storyboard in Resources */,
				D484F90E23A2E97A001A1284 /* Assets.xcassets in Resources */,
				D484F90C23A2E975001A1284 /* Main.storyboard in Resources */,
			);
			runOnlyForDeploymentPostprocessing = 0;
		};
/* End PBXResourcesBuildPhase section */

/* Begin PBXSourcesBuildPhase section */
		D484F8FB23A2E975001A1284 /* Sources */ = {
			isa = PBXSourcesBuildPhase;
			buildActionMask = 2147483647;
			files = (
				D484F90323A2E975001A1284 /* AppDelegate.swift in Sources */,
				D4491B0523A3F5DE00F3CAD9 /* LabCell.swift in Sources */,
				D484F90523A2E975001A1284 /* SceneDelegate.swift in Sources */,
				D484F90723A2E975001A1284 /* MasterViewController.swift in Sources */,
				D484F90923A2E975001A1284 /* DetailViewController.swift in Sources */,
			);
			runOnlyForDeploymentPostprocessing = 0;
		};
/* End PBXSourcesBuildPhase section */

/* Begin PBXVariantGroup section */
		D484F90A23A2E975001A1284 /* Main.storyboard */ = {
			isa = PBXVariantGroup;
			children = (
				D484F90B23A2E975001A1284 /* Base */,
			);
			name = Main.storyboard;
			sourceTree = "<group>";
		};
		D484F90F23A2E97A001A1284 /* LaunchScreen.storyboard */ = {
			isa = PBXVariantGroup;
			children = (
				D484F91023A2E97A001A1284 /* Base */,
			);
			name = LaunchScreen.storyboard;
			sourceTree = "<group>";
		};
/* End PBXVariantGroup section */

/* Begin XCBuildConfiguration section */
		D484F91323A2E97A001A1284 /* Debug */ = {
			isa = XCBuildConfiguration;
			buildSettings = {
				ALWAYS_SEARCH_USER_PATHS = NO;
				CLANG_ANALYZER_NONNULL = YES;
				CLANG_ANALYZER_NUMBER_OBJECT_CONVERSION = YES_AGGRESSIVE;
				CLANG_CXX_LANGUAGE_STANDARD = "gnu++14";
				CLANG_CXX_LIBRARY = "libc++";
				CLANG_ENABLE_MODULES = YES;
				CLANG_ENABLE_OBJC_ARC = YES;
				CLANG_ENABLE_OBJC_WEAK = YES;
				CLANG_WARN_BLOCK_CAPTURE_AUTORELEASING = YES;
				CLANG_WARN_BOOL_CONVERSION = YES;
				CLANG_WARN_COMMA = YES;
				CLANG_WARN_CONSTANT_CONVERSION = YES;
				CLANG_WARN_DEPRECATED_OBJC_IMPLEMENTATIONS = YES;
				CLANG_WARN_DIRECT_OBJC_ISA_USAGE = YES_ERROR;
				CLANG_WARN_DOCUMENTATION_COMMENTS = YES;
				CLANG_WARN_EMPTY_BODY = YES;
				CLANG_WARN_ENUM_CONVERSION = YES;
				CLANG_WARN_INFINITE_RECURSION = YES;
				CLANG_WARN_INT_CONVERSION = YES;
				CLANG_WARN_NON_LITERAL_NULL_CONVERSION = YES;
				CLANG_WARN_OBJC_IMPLICIT_RETAIN_SELF = YES;
				CLANG_WARN_OBJC_LITERAL_CONVERSION = YES;
				CLANG_WARN_OBJC_ROOT_CLASS = YES_ERROR;
				CLANG_WARN_RANGE_LOOP_ANALYSIS = YES;
				CLANG_WARN_STRICT_PROTOTYPES = YES;
				CLANG_WARN_SUSPICIOUS_MOVE = YES;
				CLANG_WARN_UNGUARDED_AVAILABILITY = YES_AGGRESSIVE;
				CLANG_WARN_UNREACHABLE_CODE = YES;
				CLANG_WARN__DUPLICATE_METHOD_MATCH = YES;
				COPY_PHASE_STRIP = NO;
				DEBUG_INFORMATION_FORMAT = dwarf;
				ENABLE_STRICT_OBJC_MSGSEND = YES;
				ENABLE_TESTABILITY = YES;
				GCC_C_LANGUAGE_STANDARD = gnu11;
				GCC_DYNAMIC_NO_PIC = NO;
				GCC_NO_COMMON_BLOCKS = YES;
				GCC_OPTIMIZATION_LEVEL = 0;
				GCC_PREPROCESSOR_DEFINITIONS = (
					"DEBUG=1",
					"$(inherited)",
				);
				GCC_WARN_64_TO_32_BIT_CONVERSION = YES;
				GCC_WARN_ABOUT_RETURN_TYPE = YES_ERROR;
				GCC_WARN_UNDECLARED_SELECTOR = YES;
				GCC_WARN_UNINITIALIZED_AUTOS = YES_AGGRESSIVE;
				GCC_WARN_UNUSED_FUNCTION = YES;
				GCC_WARN_UNUSED_VARIABLE = YES;
				IPHONEOS_DEPLOYMENT_TARGET = 13.0;
				MTL_ENABLE_DEBUG_INFO = INCLUDE_SOURCE;
				MTL_FAST_MATH = YES;
				ONLY_ACTIVE_ARCH = YES;
				SDKROOT = iphoneos;
				SWIFT_ACTIVE_COMPILATION_CONDITIONS = DEBUG;
				SWIFT_OPTIMIZATION_LEVEL = "-Onone";
			};
			name = Debug;
		};
		D484F91423A2E97A001A1284 /* Release */ = {
			isa = XCBuildConfiguration;
			buildSettings = {
				ALWAYS_SEARCH_USER_PATHS = NO;
				CLANG_ANALYZER_NONNULL = YES;
				CLANG_ANALYZER_NUMBER_OBJECT_CONVERSION = YES_AGGRESSIVE;
				CLANG_CXX_LANGUAGE_STANDARD = "gnu++14";
				CLANG_CXX_LIBRARY = "libc++";
				CLANG_ENABLE_MODULES = YES;
				CLANG_ENABLE_OBJC_ARC = YES;
				CLANG_ENABLE_OBJC_WEAK = YES;
				CLANG_WARN_BLOCK_CAPTURE_AUTORELEASING = YES;
				CLANG_WARN_BOOL_CONVERSION = YES;
				CLANG_WARN_COMMA = YES;
				CLANG_WARN_CONSTANT_CONVERSION = YES;
				CLANG_WARN_DEPRECATED_OBJC_IMPLEMENTATIONS = YES;
				CLANG_WARN_DIRECT_OBJC_ISA_USAGE = YES_ERROR;
				CLANG_WARN_DOCUMENTATION_COMMENTS = YES;
				CLANG_WARN_EMPTY_BODY = YES;
				CLANG_WARN_ENUM_CONVERSION = YES;
				CLANG_WARN_INFINITE_RECURSION = YES;
				CLANG_WARN_INT_CONVERSION = YES;
				CLANG_WARN_NON_LITERAL_NULL_CONVERSION = YES;
				CLANG_WARN_OBJC_IMPLICIT_RETAIN_SELF = YES;
				CLANG_WARN_OBJC_LITERAL_CONVERSION = YES;
				CLANG_WARN_OBJC_ROOT_CLASS = YES_ERROR;
				CLANG_WARN_RANGE_LOOP_ANALYSIS = YES;
				CLANG_WARN_STRICT_PROTOTYPES = YES;
				CLANG_WARN_SUSPICIOUS_MOVE = YES;
				CLANG_WARN_UNGUARDED_AVAILABILITY = YES_AGGRESSIVE;
				CLANG_WARN_UNREACHABLE_CODE = YES;
				CLANG_WARN__DUPLICATE_METHOD_MATCH = YES;
				COPY_PHASE_STRIP = NO;
				DEBUG_INFORMATION_FORMAT = "dwarf-with-dsym";
				ENABLE_NS_ASSERTIONS = NO;
				ENABLE_STRICT_OBJC_MSGSEND = YES;
				GCC_C_LANGUAGE_STANDARD = gnu11;
				GCC_NO_COMMON_BLOCKS = YES;
				GCC_WARN_64_TO_32_BIT_CONVERSION = YES;
				GCC_WARN_ABOUT_RETURN_TYPE = YES_ERROR;
				GCC_WARN_UNDECLARED_SELECTOR = YES;
				GCC_WARN_UNINITIALIZED_AUTOS = YES_AGGRESSIVE;
				GCC_WARN_UNUSED_FUNCTION = YES;
				GCC_WARN_UNUSED_VARIABLE = YES;
				IPHONEOS_DEPLOYMENT_TARGET = 13.0;
				MTL_ENABLE_DEBUG_INFO = NO;
				MTL_FAST_MATH = YES;
				SDKROOT = iphoneos;
				SWIFT_COMPILATION_MODE = wholemodule;
				SWIFT_OPTIMIZATION_LEVEL = "-O";
				VALIDATE_PRODUCT = YES;
			};
			name = Release;
		};
		D484F91623A2E97A001A1284 /* Debug */ = {
			isa = XCBuildConfiguration;
			buildSettings = {
				ASSETCATALOG_COMPILER_APPICON_NAME = AppIcon;
				CODE_SIGN_ENTITLEMENTS = Concord/Concord.entitlements;
				CODE_SIGN_STYLE = Automatic;
				DEVELOPMENT_TEAM = Q4JTXWLJ7B;
				INFOPLIST_FILE = Concord/Info.plist;
				LD_RUNPATH_SEARCH_PATHS = (
					"$(inherited)",
					"@executable_path/Frameworks",
				);
				PRODUCT_BUNDLE_IDENTIFIER = org.chip..Concord;
				PRODUCT_NAME = "$(TARGET_NAME)";
				SWIFT_VERSION = 5.0;
				TARGETED_DEVICE_FAMILY = 1;
			};
			name = Debug;
		};
		D484F91723A2E97A001A1284 /* Release */ = {
			isa = XCBuildConfiguration;
			buildSettings = {
				ASSETCATALOG_COMPILER_APPICON_NAME = AppIcon;
				CODE_SIGN_ENTITLEMENTS = Concord/Concord.entitlements;
				CODE_SIGN_STYLE = Automatic;
				DEVELOPMENT_TEAM = Q4JTXWLJ7B;
				INFOPLIST_FILE = Concord/Info.plist;
				LD_RUNPATH_SEARCH_PATHS = (
					"$(inherited)",
					"@executable_path/Frameworks",
				);
				PRODUCT_BUNDLE_IDENTIFIER = org.chip..Concord;
				PRODUCT_NAME = "$(TARGET_NAME)";
				SWIFT_VERSION = 5.0;
				TARGETED_DEVICE_FAMILY = 1;
			};
			name = Release;
		};
/* End XCBuildConfiguration section */

/* Begin XCConfigurationList section */
		D484F8FA23A2E975001A1284 /* Build configuration list for PBXProject "Concord" */ = {
			isa = XCConfigurationList;
			buildConfigurations = (
				D484F91323A2E97A001A1284 /* Debug */,
				D484F91423A2E97A001A1284 /* Release */,
			);
			defaultConfigurationIsVisible = 0;
			defaultConfigurationName = Release;
		};
		D484F91523A2E97A001A1284 /* Build configuration list for PBXNativeTarget "Concord" */ = {
			isa = XCConfigurationList;
			buildConfigurations = (
				D484F91623A2E97A001A1284 /* Debug */,
				D484F91723A2E97A001A1284 /* Release */,
			);
			defaultConfigurationIsVisible = 0;
			defaultConfigurationName = Release;
		};
/* End XCConfigurationList section */
	};
	rootObject = D484F8F723A2E975001A1284 /* Project object */;
}
